
Microsoft Visual Studio Solution File, Format Version 12.00
# Visual Studio Version 16
VisualStudioVersion = 16.0.30517.126
MinimumVisualStudioVersion = 10.0.40219.1
Project("{FAE04EC0-301F-11D3-BF4B-00C04F79EFBC}") = "Moon", "Moon\Moon.csproj", "{B06B706A-E318-4339-B999-80744457D4E1}"
EndProject
Global
	GlobalSection(SolutionConfigurationPlatforms) = preSolution
		Debug|Any CPU = Debug|Any CPU
		Release|Any CPU = Release|Any CPU
	EndGlobalSection
	GlobalSection(ProjectConfigurationPlatforms) = postSolution
		{B06B706A-E318-4339-B999-80744457D4E1}.Debug|Any CPU.ActiveCfg = Debug|Any CPU
		{B06B706A-E318-4339-B999-80744457D4E1}.Debug|Any CPU.Build.0 = Debug|Any CPU
		{B06B706A-E318-4339-B999-80744457D4E1}.Release|Any CPU.ActiveCfg = Release|Any CPU
		{B06B706A-E318-4339-B999-80744457D4E1}.Release|Any CPU.Build.0 = Release|Any CPU
	EndGlobalSection
	GlobalSection(SolutionProperties) = preSolution
		HideSolutionNode = FALSE
	EndGlobalSection
	GlobalSection(ExtensibilityGlobals) = postSolution
		SolutionGuid = {1277B32B-F45D-4096-B5A0-D1F6A3D52A56}
	EndGlobalSection
EndGlobal
